
Microsoft Visual Studio Solution File, Format Version 10.00
# Visual Studio 2008
Project("{8BC9CEB8-8B4A-11D0-8D11-00A0C91BC942}") = "libzmqCE", "libzmqCE\libzmqCE.vcproj", "{8F4F32B7-0A11-48F0-BBF1-5D8D538C5494}"
EndProject
Global
	GlobalSection(SolutionConfigurationPlatforms) = preSolution
		Debug|Mixed Platforms = Debug|Mixed Platforms
		Debug|Pocket PC 2003 (ARMV4) = Debug|Pocket PC 2003 (ARMV4)
		Debug|Win32 = Debug|Win32
		Debug|Windows Mobile 5.0 Pocket PC SDK (ARMV4I) = Debug|Windows Mobile 5.0 Pocket PC SDK (ARMV4I)
		Debug|Windows Mobile 5.0 Smartphone SDK (ARMV4I) = Debug|Windows Mobile 5.0 Smartphone SDK (ARMV4I)
		Release|Mixed Platforms = Release|Mixed Platforms
		Release|Pocket PC 2003 (ARMV4) = Release|Pocket PC 2003 (ARMV4)
		Release|Win32 = Release|Win32
		Release|Windows Mobile 5.0 Pocket PC SDK (ARMV4I) = Release|Windows Mobile 5.0 Pocket PC SDK (ARMV4I)
		Release|Windows Mobile 5.0 Smartphone SDK (ARMV4I) = Release|Windows Mobile 5.0 Smartphone SDK (ARMV4I)
		WithOpenPGM|Mixed Platforms = WithOpenPGM|Mixed Platforms
		WithOpenPGM|Pocket PC 2003 (ARMV4) = WithOpenPGM|Pocket PC 2003 (ARMV4)
		WithOpenPGM|Win32 = WithOpenPGM|Win32
		WithOpenPGM|Windows Mobile 5.0 Pocket PC SDK (ARMV4I) = WithOpenPGM|Windows Mobile 5.0 Pocket PC SDK (ARMV4I)
		WithOpenPGM|Windows Mobile 5.0 Smartphone SDK (ARMV4I) = WithOpenPGM|Windows Mobile 5.0 Smartphone SDK (ARMV4I)
	EndGlobalSection
	GlobalSection(ProjectConfigurationPlatforms) = postSolution
		{8F4F32B7-0A11-48F0-BBF1-5D8D538C5494}.Debug|Mixed Platforms.ActiveCfg = Debug|Windows Mobile 5.0 Pocket PC SDK (ARMV4I)
		{8F4F32B7-0A11-48F0-BBF1-5D8D538C5494}.Debug|Mixed Platforms.Build.0 = Debug|Windows Mobile 5.0 Pocket PC SDK (ARMV4I)
		{8F4F32B7-0A11-48F0-BBF1-5D8D538C5494}.Debug|Mixed Platforms.Deploy.0 = Debug|Windows Mobile 5.0 Pocket PC SDK (ARMV4I)
		{8F4F32B7-0A11-48F0-BBF1-5D8D538C5494}.Debug|Pocket PC 2003 (ARMV4).ActiveCfg = Debug|Pocket PC 2003 (ARMV4)
		{8F4F32B7-0A11-48F0-BBF1-5D8D538C5494}.Debug|Pocket PC 2003 (ARMV4).Build.0 = Debug|Pocket PC 2003 (ARMV4)
		{8F4F32B7-0A11-48F0-BBF1-5D8D538C5494}.Debug|Pocket PC 2003 (ARMV4).Deploy.0 = Debug|Pocket PC 2003 (ARMV4)
		{8F4F32B7-0A11-48F0-BBF1-5D8D538C5494}.Debug|Win32.ActiveCfg = Debug|Windows Mobile 5.0 Pocket PC SDK (ARMV4I)
		{8F4F32B7-0A11-48F0-BBF1-5D8D538C5494}.Debug|Windows Mobile 5.0 Pocket PC SDK (ARMV4I).ActiveCfg = Debug|Windows Mobile 5.0 Pocket PC SDK (ARMV4I)
		{8F4F32B7-0A11-48F0-BBF1-5D8D538C5494}.Debug|Windows Mobile 5.0 Pocket PC SDK (ARMV4I).Build.0 = Debug|Windows Mobile 5.0 Pocket PC SDK (ARMV4I)
		{8F4F32B7-0A11-48F0-BBF1-5D8D538C5494}.Debug|Windows Mobile 5.0 Pocket PC SDK (ARMV4I).Deploy.0 = Debug|Windows Mobile 5.0 Pocket PC SDK (ARMV4I)
		{8F4F32B7-0A11-48F0-BBF1-5D8D538C5494}.Debug|Windows Mobile 5.0 Smartphone SDK (ARMV4I).ActiveCfg = Debug|Windows Mobile 5.0 Pocket PC SDK (ARMV4I)
		{8F4F32B7-0A11-48F0-BBF1-5D8D538C5494}.Release|Mixed Platforms.ActiveCfg = Release|Windows Mobile 5.0 Pocket PC SDK (ARMV4I)
		{8F4F32B7-0A11-48F0-BBF1-5D8D538C5494}.Release|Mixed Platforms.Build.0 = Release|Windows Mobile 5.0 Pocket PC SDK (ARMV4I)
		{8F4F32B7-0A11-48F0-BBF1-5D8D538C5494}.Release|Mixed Platforms.Deploy.0 = Release|Windows Mobile 5.0 Pocket PC SDK (ARMV4I)
		{8F4F32B7-0A11-48F0-BBF1-5D8D538C5494}.Release|Pocket PC 2003 (ARMV4).ActiveCfg = Release|Pocket PC 2003 (ARMV4)
		{8F4F32B7-0A11-48F0-BBF1-5D8D538C5494}.Release|Pocket PC 2003 (ARMV4).Build.0 = Release|Pocket PC 2003 (ARMV4)
		{8F4F32B7-0A11-48F0-BBF1-5D8D538C5494}.Release|Pocket PC 2003 (ARMV4).Deploy.0 = Release|Pocket PC 2003 (ARMV4)
		{8F4F32B7-0A11-48F0-BBF1-5D8D538C5494}.Release|Win32.ActiveCfg = Release|Windows Mobile 5.0 Pocket PC SDK (ARMV4I)
		{8F4F32B7-0A11-48F0-BBF1-5D8D538C5494}.Release|Windows Mobile 5.0 Pocket PC SDK (ARMV4I).ActiveCfg = Release|Windows Mobile 5.0 Pocket PC SDK (ARMV4I)
		{8F4F32B7-0A11-48F0-BBF1-5D8D538C5494}.Release|Windows Mobile 5.0 Pocket PC SDK (ARMV4I).Build.0 = Release|Windows Mobile 5.0 Pocket PC SDK (ARMV4I)
		{8F4F32B7-0A11-48F0-BBF1-5D8D538C5494}.Release|Windows Mobile 5.0 Pocket PC SDK (ARMV4I).Deploy.0 = Release|Windows Mobile 5.0 Pocket PC SDK (ARMV4I)
		{8F4F32B7-0A11-48F0-BBF1-5D8D538C5494}.Release|Windows Mobile 5.0 Smartphone SDK (ARMV4I).ActiveCfg = Release|Windows Mobile 5.0 Pocket PC SDK (ARMV4I)
		{8F4F32B7-0A11-48F0-BBF1-5D8D538C5494}.WithOpenPGM|Mixed Platforms.ActiveCfg = Release|Windows Mobile 5.0 Pocket PC SDK (ARMV4I)
		{8F4F32B7-0A11-48F0-BBF1-5D8D538C5494}.WithOpenPGM|Mixed Platforms.Build.0 = Release|Windows Mobile 5.0 Pocket PC SDK (ARMV4I)
		{8F4F32B7-0A11-48F0-BBF1-5D8D538C5494}.WithOpenPGM|Mixed Platforms.Deploy.0 = Release|Windows Mobile 5.0 Pocket PC SDK (ARMV4I)
		{8F4F32B7-0A11-48F0-BBF1-5D8D538C5494}.WithOpenPGM|Pocket PC 2003 (ARMV4).ActiveCfg = Release|Pocket PC 2003 (ARMV4)
		{8F4F32B7-0A11-48F0-BBF1-5D8D538C5494}.WithOpenPGM|Pocket PC 2003 (ARMV4).Build.0 = Release|Pocket PC 2003 (ARMV4)
		{8F4F32B7-0A11-48F0-BBF1-5D8D538C5494}.WithOpenPGM|Pocket PC 2003 (ARMV4).Deploy.0 = Release|Pocket PC 2003 (ARMV4)
		{8F4F32B7-0A11-48F0-BBF1-5D8D538C5494}.WithOpenPGM|Win32.ActiveCfg = Release|Windows Mobile 5.0 Pocket PC SDK (ARMV4I)
		{8F4F32B7-0A11-48F0-BBF1-5D8D538C5494}.WithOpenPGM|Windows Mobile 5.0 Pocket PC SDK (ARMV4I).ActiveCfg = Release|Windows Mobile 5.0 Pocket PC SDK (ARMV4I)
		{8F4F32B7-0A11-48F0-BBF1-5D8D538C5494}.WithOpenPGM|Windows Mobile 5.0 Pocket PC SDK (ARMV4I).Build.0 = Release|Windows Mobile 5.0 Pocket PC SDK (ARMV4I)
		{8F4F32B7-0A11-48F0-BBF1-5D8D538C5494}.WithOpenPGM|Windows Mobile 5.0 Pocket PC SDK (ARMV4I).Deploy.0 = Release|Windows Mobile 5.0 Pocket PC SDK (ARMV4I)
		{8F4F32B7-0A11-48F0-BBF1-5D8D538C5494}.WithOpenPGM|Windows Mobile 5.0 Smartphone SDK (ARMV4I).ActiveCfg = Release|Windows Mobile 5.0 Pocket PC SDK (ARMV4I)
	EndGlobalSection
	GlobalSection(SolutionProperties) = preSolution
		HideSolutionNode = FALSE
	EndGlobalSection
EndGlobal
